
Microsoft Visual Studio Solution File, Format Version 12.00
# Visual Studio Version 17
VisualStudioVersion = 17.9.34723.18
MinimumVisualStudioVersion = 10.0.40219.1
Project("{FAE04EC0-301F-11D3-BF4B-00C04F79EFBC}") = "MvcUtube", "MvcUtube.csproj", "{223F5B49-594F-4A49-8C18-0FE449449844}"
EndProject
Global
	GlobalSection(SolutionConfigurationPlatforms) = preSolution
		Debug|Any CPU = Debug|Any CPU
		Release|Any CPU = Release|Any CPU
	EndGlobalSection
	GlobalSection(ProjectConfigurationPlatforms) = postSolution
		{223F5B49-594F-4A49-8C18-0FE449449844}.Debug|Any CPU.ActiveCfg = Debug|Any CPU
		{223F5B49-594F-4A49-8C18-0FE449449844}.Debug|Any CPU.Build.0 = Debug|Any CPU
		{223F5B49-594F-4A49-8C18-0FE449449844}.Release|Any CPU.ActiveCfg = Release|Any CPU
		{223F5B49-594F-4A49-8C18-0FE449449844}.Release|Any CPU.Build.0 = Release|Any CPU
	EndGlobalSection
	GlobalSection(SolutionProperties) = preSolution
		HideSolutionNode = FALSE
	EndGlobalSection
	GlobalSection(ExtensibilityGlobals) = postSolution
		SolutionGuid = {8116EFC0-4D29-4E1E-B492-9021BC691101}
	EndGlobalSection
EndGlobal
