
Microsoft Visual Studio Solution File, Format Version 12.00
# Visual Studio Version 17
VisualStudioVersion = 17.9.34723.18
MinimumVisualStudioVersion = 10.0.40219.1
Project("{FAE04EC0-301F-11D3-BF4B-00C04F79EFBC}") = "Workshop 3 dotnet first", "Workshop 3 dotnet first.csproj", "{B6E8EA0B-7D96-4391-B3ED-E32119C7E399}"
EndProject
Global
	GlobalSection(SolutionConfigurationPlatforms) = preSolution
		Debug|Any CPU = Debug|Any CPU
		Release|Any CPU = Release|Any CPU
	EndGlobalSection
	GlobalSection(ProjectConfigurationPlatforms) = postSolution
		{B6E8EA0B-7D96-4391-B3ED-E32119C7E399}.Debug|Any CPU.ActiveCfg = Debug|Any CPU
		{B6E8EA0B-7D96-4391-B3ED-E32119C7E399}.Debug|Any CPU.Build.0 = Debug|Any CPU
		{B6E8EA0B-7D96-4391-B3ED-E32119C7E399}.Release|Any CPU.ActiveCfg = Release|Any CPU
		{B6E8EA0B-7D96-4391-B3ED-E32119C7E399}.Release|Any CPU.Build.0 = Release|Any CPU
	EndGlobalSection
	GlobalSection(SolutionProperties) = preSolution
		HideSolutionNode = FALSE
	EndGlobalSection
	GlobalSection(ExtensibilityGlobals) = postSolution
		SolutionGuid = {A4BBBD18-13D9-4B3F-BD45-17A3D7295818}
	EndGlobalSection
EndGlobal
