
Microsoft Visual Studio Solution File, Format Version 12.00
# Visual Studio Version 17
VisualStudioVersion = 17.9.34723.18
MinimumVisualStudioVersion = 10.0.40219.1
Project("{FAE04EC0-301F-11D3-BF4B-00C04F79EFBC}") = "ORMActivityDatabasefirstApproch", "ORMActivityDatabasefirstApproch\ORMActivityDatabasefirstApproch.csproj", "{EF673F44-DA3E-4D89-A93A-AFF88C34671B}"
EndProject
Global
	GlobalSection(SolutionConfigurationPlatforms) = preSolution
		Debug|Any CPU = Debug|Any CPU
		Release|Any CPU = Release|Any CPU
	EndGlobalSection
	GlobalSection(ProjectConfigurationPlatforms) = postSolution
		{EF673F44-DA3E-4D89-A93A-AFF88C34671B}.Debug|Any CPU.ActiveCfg = Debug|Any CPU
		{EF673F44-DA3E-4D89-A93A-AFF88C34671B}.Debug|Any CPU.Build.0 = Debug|Any CPU
		{EF673F44-DA3E-4D89-A93A-AFF88C34671B}.Release|Any CPU.ActiveCfg = Release|Any CPU
		{EF673F44-DA3E-4D89-A93A-AFF88C34671B}.Release|Any CPU.Build.0 = Release|Any CPU
	EndGlobalSection
	GlobalSection(SolutionProperties) = preSolution
		HideSolutionNode = FALSE
	EndGlobalSection
	GlobalSection(ExtensibilityGlobals) = postSolution
		SolutionGuid = {5D1F74A2-5ED5-4A09-AF23-8ABFD7DA9F3A}
	EndGlobalSection
EndGlobal
