
Microsoft Visual Studio Solution File, Format Version 12.00
# Visual Studio Version 17
VisualStudioVersion = 17.11.34909.67
MinimumVisualStudioVersion = 10.0.40219.1
Project("{FAE04EC0-301F-11D3-BF4B-00C04F79EFBC}") = "Employee", "Employee\Employee.csproj", "{DF361316-DD52-4F14-8934-9FF20189E63C}"
EndProject
Global
	GlobalSection(SolutionConfigurationPlatforms) = preSolution
		Debug|Any CPU = Debug|Any CPU
		Release|Any CPU = Release|Any CPU
	EndGlobalSection
	GlobalSection(ProjectConfigurationPlatforms) = postSolution
		{DF361316-DD52-4F14-8934-9FF20189E63C}.Debug|Any CPU.ActiveCfg = Debug|Any CPU
		{DF361316-DD52-4F14-8934-9FF20189E63C}.Debug|Any CPU.Build.0 = Debug|Any CPU
		{DF361316-DD52-4F14-8934-9FF20189E63C}.Release|Any CPU.ActiveCfg = Release|Any CPU
		{DF361316-DD52-4F14-8934-9FF20189E63C}.Release|Any CPU.Build.0 = Release|Any CPU
	EndGlobalSection
	GlobalSection(SolutionProperties) = preSolution
		HideSolutionNode = FALSE
	EndGlobalSection
	GlobalSection(ExtensibilityGlobals) = postSolution
		SolutionGuid = {F7AD3079-65D9-4C19-98F6-9C7413BC9D4D}
	EndGlobalSection
EndGlobal
