
Microsoft Visual Studio Solution File, Format Version 12.00
# Visual Studio Version 17
VisualStudioVersion = 17.8.34309.116
MinimumVisualStudioVersion = 10.0.40219.1
Project("{FAE04EC0-301F-11D3-BF4B-00C04F79EFBC}") = "PetsExcercise", "PetsExcercise.csproj", "{24F9823E-5232-4137-A716-0532285FE86F}"
EndProject
Global
	GlobalSection(SolutionConfigurationPlatforms) = preSolution
		Debug|Any CPU = Debug|Any CPU
		Release|Any CPU = Release|Any CPU
	EndGlobalSection
	GlobalSection(ProjectConfigurationPlatforms) = postSolution
		{24F9823E-5232-4137-A716-0532285FE86F}.Debug|Any CPU.ActiveCfg = Debug|Any CPU
		{24F9823E-5232-4137-A716-0532285FE86F}.Debug|Any CPU.Build.0 = Debug|Any CPU
		{24F9823E-5232-4137-A716-0532285FE86F}.Release|Any CPU.ActiveCfg = Release|Any CPU
		{24F9823E-5232-4137-A716-0532285FE86F}.Release|Any CPU.Build.0 = Release|Any CPU
	EndGlobalSection
	GlobalSection(SolutionProperties) = preSolution
		HideSolutionNode = FALSE
	EndGlobalSection
	GlobalSection(ExtensibilityGlobals) = postSolution
		SolutionGuid = {F8C97CB7-69F6-4E0B-B3D7-4827215D2EA6}
	EndGlobalSection
EndGlobal
