
Microsoft Visual Studio Solution File, Format Version 12.00
# Visual Studio Version 17
VisualStudioVersion = 17.9.34723.18
MinimumVisualStudioVersion = 10.0.40219.1
Project("{FAE04EC0-301F-11D3-BF4B-00C04F79EFBC}") = "tp3", "tp3\tp3.csproj", "{158F2662-B38F-4EC3-BA4C-5A027946E93A}"
EndProject
Global
	GlobalSection(SolutionConfigurationPlatforms) = preSolution
		Debug|Any CPU = Debug|Any CPU
		Release|Any CPU = Release|Any CPU
	EndGlobalSection
	GlobalSection(ProjectConfigurationPlatforms) = postSolution
		{158F2662-B38F-4EC3-BA4C-5A027946E93A}.Debug|Any CPU.ActiveCfg = Debug|Any CPU
		{158F2662-B38F-4EC3-BA4C-5A027946E93A}.Debug|Any CPU.Build.0 = Debug|Any CPU
		{158F2662-B38F-4EC3-BA4C-5A027946E93A}.Release|Any CPU.ActiveCfg = Release|Any CPU
		{158F2662-B38F-4EC3-BA4C-5A027946E93A}.Release|Any CPU.Build.0 = Release|Any CPU
	EndGlobalSection
	GlobalSection(SolutionProperties) = preSolution
		HideSolutionNode = FALSE
	EndGlobalSection
	GlobalSection(ExtensibilityGlobals) = postSolution
		SolutionGuid = {BDDEDC8E-DC90-411B-BE05-76C9A553D3F7}
	EndGlobalSection
EndGlobal
