
Microsoft Visual Studio Solution File, Format Version 12.00
# Visual Studio Version 17
VisualStudioVersion = 17.8.34309.116
MinimumVisualStudioVersion = 10.0.40219.1
Project("{FAE04EC0-301F-11D3-BF4B-00C04F79EFBC}") = "ProductApi", "ProductApi\ProductApi.csproj", "{DA554D64-C5CC-47B6-A61F-AD25D86885E3}"
EndProject
Global
	GlobalSection(SolutionConfigurationPlatforms) = preSolution
		Debug|Any CPU = Debug|Any CPU
		Release|Any CPU = Release|Any CPU
	EndGlobalSection
	GlobalSection(ProjectConfigurationPlatforms) = postSolution
		{DA554D64-C5CC-47B6-A61F-AD25D86885E3}.Debug|Any CPU.ActiveCfg = Debug|Any CPU
		{DA554D64-C5CC-47B6-A61F-AD25D86885E3}.Debug|Any CPU.Build.0 = Debug|Any CPU
		{DA554D64-C5CC-47B6-A61F-AD25D86885E3}.Release|Any CPU.ActiveCfg = Release|Any CPU
		{DA554D64-C5CC-47B6-A61F-AD25D86885E3}.Release|Any CPU.Build.0 = Release|Any CPU
	EndGlobalSection
	GlobalSection(SolutionProperties) = preSolution
		HideSolutionNode = FALSE
	EndGlobalSection
	GlobalSection(ExtensibilityGlobals) = postSolution
		SolutionGuid = {8CE90B7B-954C-4063-9F66-F6ED5BF1C782}
	EndGlobalSection
EndGlobal
