
Microsoft Visual Studio Solution File, Format Version 12.00
# Visual Studio Version 17
VisualStudioVersion = 17.9.34723.18
MinimumVisualStudioVersion = 10.0.40219.1
Project("{FAE04EC0-301F-11D3-BF4B-00C04F79EFBC}") = "CollectionActivity", "CollectionActivity.csproj", "{55E55579-1EC2-4916-966C-A035AD7F8E10}"
EndProject
Global
	GlobalSection(SolutionConfigurationPlatforms) = preSolution
		Debug|Any CPU = Debug|Any CPU
		Release|Any CPU = Release|Any CPU
	EndGlobalSection
	GlobalSection(ProjectConfigurationPlatforms) = postSolution
		{55E55579-1EC2-4916-966C-A035AD7F8E10}.Debug|Any CPU.ActiveCfg = Debug|Any CPU
		{55E55579-1EC2-4916-966C-A035AD7F8E10}.Debug|Any CPU.Build.0 = Debug|Any CPU
		{55E55579-1EC2-4916-966C-A035AD7F8E10}.Release|Any CPU.ActiveCfg = Release|Any CPU
		{55E55579-1EC2-4916-966C-A035AD7F8E10}.Release|Any CPU.Build.0 = Release|Any CPU
	EndGlobalSection
	GlobalSection(SolutionProperties) = preSolution
		HideSolutionNode = FALSE
	EndGlobalSection
	GlobalSection(ExtensibilityGlobals) = postSolution
		SolutionGuid = {2E30C2CC-CC07-4BE4-9FFD-E8CAF8E48966}
	EndGlobalSection
EndGlobal
