
Microsoft Visual Studio Solution File, Format Version 12.00
# Visual Studio Version 17
VisualStudioVersion = 17.9.34723.18
MinimumVisualStudioVersion = 10.0.40219.1
Project("{FAE04EC0-301F-11D3-BF4B-00C04F79EFBC}") = "swap", "swap.csproj", "{17317FAA-5F15-44CA-853C-F5C5907DBE9D}"
EndProject
Global
	GlobalSection(SolutionConfigurationPlatforms) = preSolution
		Debug|Any CPU = Debug|Any CPU
		Release|Any CPU = Release|Any CPU
	EndGlobalSection
	GlobalSection(ProjectConfigurationPlatforms) = postSolution
		{17317FAA-5F15-44CA-853C-F5C5907DBE9D}.Debug|Any CPU.ActiveCfg = Debug|Any CPU
		{17317FAA-5F15-44CA-853C-F5C5907DBE9D}.Debug|Any CPU.Build.0 = Debug|Any CPU
		{17317FAA-5F15-44CA-853C-F5C5907DBE9D}.Release|Any CPU.ActiveCfg = Release|Any CPU
		{17317FAA-5F15-44CA-853C-F5C5907DBE9D}.Release|Any CPU.Build.0 = Release|Any CPU
	EndGlobalSection
	GlobalSection(SolutionProperties) = preSolution
		HideSolutionNode = FALSE
	EndGlobalSection
	GlobalSection(ExtensibilityGlobals) = postSolution
		SolutionGuid = {714D2B20-A6CB-4355-8835-7B105E61BD3C}
	EndGlobalSection
EndGlobal
