
Microsoft Visual Studio Solution File, Format Version 12.00
# Visual Studio Version 17
VisualStudioVersion = 17.9.34607.119
MinimumVisualStudioVersion = 10.0.40219.1
Project("{9A19103F-16F7-4668-BE54-9A1E7A4F7556}") = "BudgetBook", "BudgetBook.csproj", "{BA0AA1E1-29EE-444D-B07E-3AD82484B8B8}"
EndProject
Global
	GlobalSection(SolutionConfigurationPlatforms) = preSolution
		Debug|Any CPU = Debug|Any CPU
		Release|Any CPU = Release|Any CPU
	EndGlobalSection
	GlobalSection(ProjectConfigurationPlatforms) = postSolution
		{BA0AA1E1-29EE-444D-B07E-3AD82484B8B8}.Debug|Any CPU.ActiveCfg = Debug|Any CPU
		{BA0AA1E1-29EE-444D-B07E-3AD82484B8B8}.Debug|Any CPU.Build.0 = Debug|Any CPU
		{BA0AA1E1-29EE-444D-B07E-3AD82484B8B8}.Release|Any CPU.ActiveCfg = Release|Any CPU
		{BA0AA1E1-29EE-444D-B07E-3AD82484B8B8}.Release|Any CPU.Build.0 = Release|Any CPU
	EndGlobalSection
	GlobalSection(SolutionProperties) = preSolution
		HideSolutionNode = FALSE
	EndGlobalSection
	GlobalSection(ExtensibilityGlobals) = postSolution
		SolutionGuid = {396BBB7E-81E0-4CAD-933D-78DC4C81558B}
	EndGlobalSection
EndGlobal
