
Microsoft Visual Studio Solution File, Format Version 12.00
# Visual Studio Version 17
VisualStudioVersion = 17.8.34309.116
MinimumVisualStudioVersion = 10.0.40219.1
Project("{FAE04EC0-301F-11D3-BF4B-00C04F79EFBC}") = "MVc_Pet_App", "MVc_Pet_App\MVc_Pet_App.csproj", "{DCD70B44-6F5A-4F51-8238-82926C8C8C0D}"
EndProject
Global
	GlobalSection(SolutionConfigurationPlatforms) = preSolution
		Debug|Any CPU = Debug|Any CPU
		Release|Any CPU = Release|Any CPU
	EndGlobalSection
	GlobalSection(ProjectConfigurationPlatforms) = postSolution
		{DCD70B44-6F5A-4F51-8238-82926C8C8C0D}.Debug|Any CPU.ActiveCfg = Debug|Any CPU
		{DCD70B44-6F5A-4F51-8238-82926C8C8C0D}.Debug|Any CPU.Build.0 = Debug|Any CPU
		{DCD70B44-6F5A-4F51-8238-82926C8C8C0D}.Release|Any CPU.ActiveCfg = Release|Any CPU
		{DCD70B44-6F5A-4F51-8238-82926C8C8C0D}.Release|Any CPU.Build.0 = Release|Any CPU
	EndGlobalSection
	GlobalSection(SolutionProperties) = preSolution
		HideSolutionNode = FALSE
	EndGlobalSection
	GlobalSection(ExtensibilityGlobals) = postSolution
		SolutionGuid = {EFF53D6C-E56E-4845-8799-5A473D443F97}
	EndGlobalSection
EndGlobal
