
Microsoft Visual Studio Solution File, Format Version 12.00
# Visual Studio Version 17
VisualStudioVersion = 17.8.34309.116
MinimumVisualStudioVersion = 10.0.40219.1
Project("{FAE04EC0-301F-11D3-BF4B-00C04F79EFBC}") = "Pet_ConditionalStatements", "Pet_ConditionalStatements.csproj", "{509765CA-43BB-4035-80F2-BA0FE22CF1C3}"
EndProject
Global
	GlobalSection(SolutionConfigurationPlatforms) = preSolution
		Debug|Any CPU = Debug|Any CPU
		Release|Any CPU = Release|Any CPU
	EndGlobalSection
	GlobalSection(ProjectConfigurationPlatforms) = postSolution
		{509765CA-43BB-4035-80F2-BA0FE22CF1C3}.Debug|Any CPU.ActiveCfg = Debug|Any CPU
		{509765CA-43BB-4035-80F2-BA0FE22CF1C3}.Debug|Any CPU.Build.0 = Debug|Any CPU
		{509765CA-43BB-4035-80F2-BA0FE22CF1C3}.Release|Any CPU.ActiveCfg = Release|Any CPU
		{509765CA-43BB-4035-80F2-BA0FE22CF1C3}.Release|Any CPU.Build.0 = Release|Any CPU
	EndGlobalSection
	GlobalSection(SolutionProperties) = preSolution
		HideSolutionNode = FALSE
	EndGlobalSection
	GlobalSection(ExtensibilityGlobals) = postSolution
		SolutionGuid = {F4357658-1B9F-42CB-B6F8-B31A9DF2B23C}
	EndGlobalSection
EndGlobal
