
Microsoft Visual Studio Solution File, Format Version 12.00
# Visual Studio Version 17
VisualStudioVersion = 17.9.34723.18
MinimumVisualStudioVersion = 10.0.40219.1
Project("{FAE04EC0-301F-11D3-BF4B-00C04F79EFBC}") = "userinput", "userinput.csproj", "{6A5FE807-E9CB-4764-A424-52102628D60B}"
EndProject
Global
	GlobalSection(SolutionConfigurationPlatforms) = preSolution
		Debug|Any CPU = Debug|Any CPU
		Release|Any CPU = Release|Any CPU
	EndGlobalSection
	GlobalSection(ProjectConfigurationPlatforms) = postSolution
		{6A5FE807-E9CB-4764-A424-52102628D60B}.Debug|Any CPU.ActiveCfg = Debug|Any CPU
		{6A5FE807-E9CB-4764-A424-52102628D60B}.Debug|Any CPU.Build.0 = Debug|Any CPU
		{6A5FE807-E9CB-4764-A424-52102628D60B}.Release|Any CPU.ActiveCfg = Release|Any CPU
		{6A5FE807-E9CB-4764-A424-52102628D60B}.Release|Any CPU.Build.0 = Release|Any CPU
	EndGlobalSection
	GlobalSection(SolutionProperties) = preSolution
		HideSolutionNode = FALSE
	EndGlobalSection
	GlobalSection(ExtensibilityGlobals) = postSolution
		SolutionGuid = {F547153A-F9EC-4CA1-9298-8A4454E1BCE4}
	EndGlobalSection
EndGlobal
