
Microsoft Visual Studio Solution File, Format Version 12.00
# Visual Studio Version 17
VisualStudioVersion = 17.9.34723.18
MinimumVisualStudioVersion = 10.0.40219.1
Project("{FAE04EC0-301F-11D3-BF4B-00C04F79EFBC}") = "OddorEven", "OddorEven.csproj", "{4C5499B0-7EEC-48A4-B240-8CB99B2BA67F}"
EndProject
Global
	GlobalSection(SolutionConfigurationPlatforms) = preSolution
		Debug|Any CPU = Debug|Any CPU
		Release|Any CPU = Release|Any CPU
	EndGlobalSection
	GlobalSection(ProjectConfigurationPlatforms) = postSolution
		{4C5499B0-7EEC-48A4-B240-8CB99B2BA67F}.Debug|Any CPU.ActiveCfg = Debug|Any CPU
		{4C5499B0-7EEC-48A4-B240-8CB99B2BA67F}.Debug|Any CPU.Build.0 = Debug|Any CPU
		{4C5499B0-7EEC-48A4-B240-8CB99B2BA67F}.Release|Any CPU.ActiveCfg = Release|Any CPU
		{4C5499B0-7EEC-48A4-B240-8CB99B2BA67F}.Release|Any CPU.Build.0 = Release|Any CPU
	EndGlobalSection
	GlobalSection(SolutionProperties) = preSolution
		HideSolutionNode = FALSE
	EndGlobalSection
	GlobalSection(ExtensibilityGlobals) = postSolution
		SolutionGuid = {041BCD86-D4A9-46FF-9A55-5B38EFC41ABD}
	EndGlobalSection
EndGlobal
