
Microsoft Visual Studio Solution File, Format Version 12.00
# Visual Studio Version 17
VisualStudioVersion = 17.8.34309.116
MinimumVisualStudioVersion = 10.0.40219.1
Project("{FAE04EC0-301F-11D3-BF4B-00C04F79EFBC}") = "WebApplication3", "WebApplication3\WebApplication3.csproj", "{F6207D62-F3F3-4E92-9123-98C4B4E7132E}"
EndProject
Global
	GlobalSection(SolutionConfigurationPlatforms) = preSolution
		Debug|Any CPU = Debug|Any CPU
		Release|Any CPU = Release|Any CPU
	EndGlobalSection
	GlobalSection(ProjectConfigurationPlatforms) = postSolution
		{F6207D62-F3F3-4E92-9123-98C4B4E7132E}.Debug|Any CPU.ActiveCfg = Debug|Any CPU
		{F6207D62-F3F3-4E92-9123-98C4B4E7132E}.Debug|Any CPU.Build.0 = Debug|Any CPU
		{F6207D62-F3F3-4E92-9123-98C4B4E7132E}.Release|Any CPU.ActiveCfg = Release|Any CPU
		{F6207D62-F3F3-4E92-9123-98C4B4E7132E}.Release|Any CPU.Build.0 = Release|Any CPU
	EndGlobalSection
	GlobalSection(SolutionProperties) = preSolution
		HideSolutionNode = FALSE
	EndGlobalSection
	GlobalSection(ExtensibilityGlobals) = postSolution
		SolutionGuid = {B12A7FA0-FD4C-4F59-9CBC-935F09466207}
	EndGlobalSection
EndGlobal
