
Microsoft Visual Studio Solution File, Format Version 12.00
# Visual Studio Version 17
VisualStudioVersion = 17.4.33110.190
MinimumVisualStudioVersion = 10.0.40219.1
Project("{9A19103F-16F7-4668-BE54-9A1E7A4F7556}") = "JobPost", "JobPost\JobPost.csproj", "{D56B917B-26FD-4AEF-B337-7A3793996D6A}"
EndProject
Global
	GlobalSection(SolutionConfigurationPlatforms) = preSolution
		Debug|Any CPU = Debug|Any CPU
		Release|Any CPU = Release|Any CPU
	EndGlobalSection
	GlobalSection(ProjectConfigurationPlatforms) = postSolution
		{D56B917B-26FD-4AEF-B337-7A3793996D6A}.Debug|Any CPU.ActiveCfg = Debug|Any CPU
		{D56B917B-26FD-4AEF-B337-7A3793996D6A}.Debug|Any CPU.Build.0 = Debug|Any CPU
		{D56B917B-26FD-4AEF-B337-7A3793996D6A}.Release|Any CPU.ActiveCfg = Release|Any CPU
		{D56B917B-26FD-4AEF-B337-7A3793996D6A}.Release|Any CPU.Build.0 = Release|Any CPU
	EndGlobalSection
	GlobalSection(SolutionProperties) = preSolution
		HideSolutionNode = FALSE
	EndGlobalSection
	GlobalSection(ExtensibilityGlobals) = postSolution
		SolutionGuid = {F550CA9E-AA3C-454B-A697-2B168BE5D4D7}
	EndGlobalSection
EndGlobal
