
Microsoft Visual Studio Solution File, Format Version 12.00
# Visual Studio Version 17
VisualStudioVersion = 17.8.34309.116
MinimumVisualStudioVersion = 10.0.40219.1
Project("{FAE04EC0-301F-11D3-BF4B-00C04F79EFBC}") = "DemoDocker", "DemoDocker\DemoDocker.csproj", "{C563BE83-E4BD-490F-AA5D-E66F4C7B5B89}"
EndProject
Global
	GlobalSection(SolutionConfigurationPlatforms) = preSolution
		Debug|Any CPU = Debug|Any CPU
		Release|Any CPU = Release|Any CPU
	EndGlobalSection
	GlobalSection(ProjectConfigurationPlatforms) = postSolution
		{C563BE83-E4BD-490F-AA5D-E66F4C7B5B89}.Debug|Any CPU.ActiveCfg = Debug|Any CPU
		{C563BE83-E4BD-490F-AA5D-E66F4C7B5B89}.Debug|Any CPU.Build.0 = Debug|Any CPU
		{C563BE83-E4BD-490F-AA5D-E66F4C7B5B89}.Release|Any CPU.ActiveCfg = Release|Any CPU
		{C563BE83-E4BD-490F-AA5D-E66F4C7B5B89}.Release|Any CPU.Build.0 = Release|Any CPU
	EndGlobalSection
	GlobalSection(SolutionProperties) = preSolution
		HideSolutionNode = FALSE
	EndGlobalSection
	GlobalSection(ExtensibilityGlobals) = postSolution
		SolutionGuid = {69BF1D85-8448-44A5-90EF-A4490F4F7D36}
	EndGlobalSection
EndGlobal
