
Microsoft Visual Studio Solution File, Format Version 12.00
# Visual Studio Version 17
VisualStudioVersion = 17.8.34309.116
MinimumVisualStudioVersion = 10.0.40219.1
Project("{FAE04EC0-301F-11D3-BF4B-00C04F79EFBC}") = "Application Exception", "Application Exception\Application Exception.csproj", "{7B2EA49D-71C4-4334-955F-62BF515358BC}"
EndProject
Global
	GlobalSection(SolutionConfigurationPlatforms) = preSolution
		Debug|Any CPU = Debug|Any CPU
		Release|Any CPU = Release|Any CPU
	EndGlobalSection
	GlobalSection(ProjectConfigurationPlatforms) = postSolution
		{7B2EA49D-71C4-4334-955F-62BF515358BC}.Debug|Any CPU.ActiveCfg = Debug|Any CPU
		{7B2EA49D-71C4-4334-955F-62BF515358BC}.Debug|Any CPU.Build.0 = Debug|Any CPU
		{7B2EA49D-71C4-4334-955F-62BF515358BC}.Release|Any CPU.ActiveCfg = Release|Any CPU
		{7B2EA49D-71C4-4334-955F-62BF515358BC}.Release|Any CPU.Build.0 = Release|Any CPU
	EndGlobalSection
	GlobalSection(SolutionProperties) = preSolution
		HideSolutionNode = FALSE
	EndGlobalSection
	GlobalSection(ExtensibilityGlobals) = postSolution
		SolutionGuid = {E61C84FC-7CD7-4963-89C4-F12118F83DAB}
	EndGlobalSection
EndGlobal
