
Microsoft Visual Studio Solution File, Format Version 12.00
# Visual Studio Version 17
VisualStudioVersion = 17.9.34723.18
MinimumVisualStudioVersion = 10.0.40219.1
Project("{FAE04EC0-301F-11D3-BF4B-00C04F79EFBC}") = "MVCpar", "MVCpar.csproj", "{FCABE871-10A1-4D1D-91A1-6AFBA58F5E4A}"
EndProject
Global
	GlobalSection(SolutionConfigurationPlatforms) = preSolution
		Debug|Any CPU = Debug|Any CPU
		Release|Any CPU = Release|Any CPU
	EndGlobalSection
	GlobalSection(ProjectConfigurationPlatforms) = postSolution
		{FCABE871-10A1-4D1D-91A1-6AFBA58F5E4A}.Debug|Any CPU.ActiveCfg = Debug|Any CPU
		{FCABE871-10A1-4D1D-91A1-6AFBA58F5E4A}.Debug|Any CPU.Build.0 = Debug|Any CPU
		{FCABE871-10A1-4D1D-91A1-6AFBA58F5E4A}.Release|Any CPU.ActiveCfg = Release|Any CPU
		{FCABE871-10A1-4D1D-91A1-6AFBA58F5E4A}.Release|Any CPU.Build.0 = Release|Any CPU
	EndGlobalSection
	GlobalSection(SolutionProperties) = preSolution
		HideSolutionNode = FALSE
	EndGlobalSection
	GlobalSection(ExtensibilityGlobals) = postSolution
		SolutionGuid = {C06C581A-B5B3-4EF5-AA7A-0BC2634CCA25}
	EndGlobalSection
EndGlobal
