
Microsoft Visual Studio Solution File, Format Version 12.00
# Visual Studio Version 17
VisualStudioVersion = 17.9.34723.18
MinimumVisualStudioVersion = 10.0.40219.1
Project("{FAE04EC0-301F-11D3-BF4B-00C04F79EFBC}") = "tp1-testing", "tp1-testing\tp1-testing.csproj", "{95696C05-6066-48DB-8562-481DA643FFC0}"
EndProject
Global
	GlobalSection(SolutionConfigurationPlatforms) = preSolution
		Debug|Any CPU = Debug|Any CPU
		Release|Any CPU = Release|Any CPU
	EndGlobalSection
	GlobalSection(ProjectConfigurationPlatforms) = postSolution
		{95696C05-6066-48DB-8562-481DA643FFC0}.Debug|Any CPU.ActiveCfg = Debug|Any CPU
		{95696C05-6066-48DB-8562-481DA643FFC0}.Debug|Any CPU.Build.0 = Debug|Any CPU
		{95696C05-6066-48DB-8562-481DA643FFC0}.Release|Any CPU.ActiveCfg = Release|Any CPU
		{95696C05-6066-48DB-8562-481DA643FFC0}.Release|Any CPU.Build.0 = Release|Any CPU
	EndGlobalSection
	GlobalSection(SolutionProperties) = preSolution
		HideSolutionNode = FALSE
	EndGlobalSection
	GlobalSection(ExtensibilityGlobals) = postSolution
		SolutionGuid = {89DC5149-9431-49D8-BCC5-75E3DC5CB0EF}
	EndGlobalSection
EndGlobal
