
Microsoft Visual Studio Solution File, Format Version 12.00
# Visual Studio Version 17
VisualStudioVersion = 17.5.33530.505
MinimumVisualStudioVersion = 10.0.40219.1
Project("{FAE04EC0-301F-11D3-BF4B-00C04F79EFBC}") = "Example1", "Example1\Example1.csproj", "{F86E11FF-F74A-4136-9994-EB15049832A5}"
EndProject
Global
	GlobalSection(SolutionConfigurationPlatforms) = preSolution
		Debug|Any CPU = Debug|Any CPU
		Release|Any CPU = Release|Any CPU
	EndGlobalSection
	GlobalSection(ProjectConfigurationPlatforms) = postSolution
		{F86E11FF-F74A-4136-9994-EB15049832A5}.Debug|Any CPU.ActiveCfg = Debug|Any CPU
		{F86E11FF-F74A-4136-9994-EB15049832A5}.Debug|Any CPU.Build.0 = Debug|Any CPU
		{F86E11FF-F74A-4136-9994-EB15049832A5}.Release|Any CPU.ActiveCfg = Release|Any CPU
		{F86E11FF-F74A-4136-9994-EB15049832A5}.Release|Any CPU.Build.0 = Release|Any CPU
	EndGlobalSection
	GlobalSection(SolutionProperties) = preSolution
		HideSolutionNode = FALSE
	EndGlobalSection
	GlobalSection(ExtensibilityGlobals) = postSolution
		SolutionGuid = {CFFF2A8D-36AB-47E3-A874-3914304D9E40}
	EndGlobalSection
EndGlobal
