
Microsoft Visual Studio Solution File, Format Version 12.00
# Visual Studio Version 17
VisualStudioVersion = 17.9.34723.18
MinimumVisualStudioVersion = 10.0.40219.1
Project("{FAE04EC0-301F-11D3-BF4B-00C04F79EFBC}") = "Average", "Average.csproj", "{24C663D2-BE61-4C17-B727-8DE86BFC5F07}"
EndProject
Global
	GlobalSection(SolutionConfigurationPlatforms) = preSolution
		Debug|Any CPU = Debug|Any CPU
		Release|Any CPU = Release|Any CPU
	EndGlobalSection
	GlobalSection(ProjectConfigurationPlatforms) = postSolution
		{24C663D2-BE61-4C17-B727-8DE86BFC5F07}.Debug|Any CPU.ActiveCfg = Debug|Any CPU
		{24C663D2-BE61-4C17-B727-8DE86BFC5F07}.Debug|Any CPU.Build.0 = Debug|Any CPU
		{24C663D2-BE61-4C17-B727-8DE86BFC5F07}.Release|Any CPU.ActiveCfg = Release|Any CPU
		{24C663D2-BE61-4C17-B727-8DE86BFC5F07}.Release|Any CPU.Build.0 = Release|Any CPU
	EndGlobalSection
	GlobalSection(SolutionProperties) = preSolution
		HideSolutionNode = FALSE
	EndGlobalSection
	GlobalSection(ExtensibilityGlobals) = postSolution
		SolutionGuid = {BF1D10AE-D55B-4B77-8B1D-85BB87B7A8C7}
	EndGlobalSection
EndGlobal
