
Microsoft Visual Studio Solution File, Format Version 12.00
# Visual Studio Version 17
VisualStudioVersion = 17.10.34804.81
MinimumVisualStudioVersion = 10.0.40219.1
Project("{FAE04EC0-301F-11D3-BF4B-00C04F79EFBC}") = "NonGeneric", "ArrayList\NonGeneric.csproj", "{34C40E2A-3F35-42CA-ABC6-E193BB213076}"
EndProject
Global
	GlobalSection(SolutionConfigurationPlatforms) = preSolution
		Debug|Any CPU = Debug|Any CPU
		Release|Any CPU = Release|Any CPU
	EndGlobalSection
	GlobalSection(ProjectConfigurationPlatforms) = postSolution
		{34C40E2A-3F35-42CA-ABC6-E193BB213076}.Debug|Any CPU.ActiveCfg = Debug|Any CPU
		{34C40E2A-3F35-42CA-ABC6-E193BB213076}.Debug|Any CPU.Build.0 = Debug|Any CPU
		{34C40E2A-3F35-42CA-ABC6-E193BB213076}.Release|Any CPU.ActiveCfg = Release|Any CPU
		{34C40E2A-3F35-42CA-ABC6-E193BB213076}.Release|Any CPU.Build.0 = Release|Any CPU
	EndGlobalSection
	GlobalSection(SolutionProperties) = preSolution
		HideSolutionNode = FALSE
	EndGlobalSection
	GlobalSection(ExtensibilityGlobals) = postSolution
		SolutionGuid = {4E029C35-A1F8-4DF5-B143-8A6C68CD7D58}
	EndGlobalSection
EndGlobal
