
Microsoft Visual Studio Solution File, Format Version 12.00
# Visual Studio Version 17
VisualStudioVersion = 17.8.34309.116
MinimumVisualStudioVersion = 10.0.40219.1
Project("{FAE04EC0-301F-11D3-BF4B-00C04F79EFBC}") = "DockerSampleCompose", "DockerSampleCompose\DockerSampleCompose.csproj", "{B88A8124-CA8C-4EFE-943C-A15F0D99B76D}"
EndProject
Project("{E53339B2-1760-4266-BCC7-CA923CBCF16C}") = "docker-compose", "docker-compose.dcproj", "{E9C1F63B-6300-49F8-8FEE-EC4BB06005CA}"
EndProject
Global
	GlobalSection(SolutionConfigurationPlatforms) = preSolution
		Debug|Any CPU = Debug|Any CPU
		Release|Any CPU = Release|Any CPU
	EndGlobalSection
	GlobalSection(ProjectConfigurationPlatforms) = postSolution
		{B88A8124-CA8C-4EFE-943C-A15F0D99B76D}.Debug|Any CPU.ActiveCfg = Debug|Any CPU
		{B88A8124-CA8C-4EFE-943C-A15F0D99B76D}.Debug|Any CPU.Build.0 = Debug|Any CPU
		{B88A8124-CA8C-4EFE-943C-A15F0D99B76D}.Release|Any CPU.ActiveCfg = Release|Any CPU
		{B88A8124-CA8C-4EFE-943C-A15F0D99B76D}.Release|Any CPU.Build.0 = Release|Any CPU
		{E9C1F63B-6300-49F8-8FEE-EC4BB06005CA}.Debug|Any CPU.ActiveCfg = Debug|Any CPU
		{E9C1F63B-6300-49F8-8FEE-EC4BB06005CA}.Debug|Any CPU.Build.0 = Debug|Any CPU
		{E9C1F63B-6300-49F8-8FEE-EC4BB06005CA}.Release|Any CPU.ActiveCfg = Release|Any CPU
		{E9C1F63B-6300-49F8-8FEE-EC4BB06005CA}.Release|Any CPU.Build.0 = Release|Any CPU
	EndGlobalSection
	GlobalSection(SolutionProperties) = preSolution
		HideSolutionNode = FALSE
	EndGlobalSection
	GlobalSection(ExtensibilityGlobals) = postSolution
		SolutionGuid = {89205E83-01AE-41FE-B3D4-A5C3E325F6A1}
	EndGlobalSection
EndGlobal
