
Microsoft Visual Studio Solution File, Format Version 12.00
# Visual Studio Version 17
VisualStudioVersion = 17.9.34723.18
MinimumVisualStudioVersion = 10.0.40219.1
Project("{FAE04EC0-301F-11D3-BF4B-00C04F79EFBC}") = "loop", "loop.csproj", "{B323E29C-726E-4B65-8C0D-BCDAE40AC004}"
EndProject
Global
	GlobalSection(SolutionConfigurationPlatforms) = preSolution
		Debug|Any CPU = Debug|Any CPU
		Release|Any CPU = Release|Any CPU
	EndGlobalSection
	GlobalSection(ProjectConfigurationPlatforms) = postSolution
		{B323E29C-726E-4B65-8C0D-BCDAE40AC004}.Debug|Any CPU.ActiveCfg = Debug|Any CPU
		{B323E29C-726E-4B65-8C0D-BCDAE40AC004}.Debug|Any CPU.Build.0 = Debug|Any CPU
		{B323E29C-726E-4B65-8C0D-BCDAE40AC004}.Release|Any CPU.ActiveCfg = Release|Any CPU
		{B323E29C-726E-4B65-8C0D-BCDAE40AC004}.Release|Any CPU.Build.0 = Release|Any CPU
	EndGlobalSection
	GlobalSection(SolutionProperties) = preSolution
		HideSolutionNode = FALSE
	EndGlobalSection
	GlobalSection(ExtensibilityGlobals) = postSolution
		SolutionGuid = {9A20609B-5F3C-4408-8670-C072A16CAC10}
	EndGlobalSection
EndGlobal
