
Microsoft Visual Studio Solution File, Format Version 12.00
# Visual Studio Version 17
VisualStudioVersion = 17.8.34309.116
MinimumVisualStudioVersion = 10.0.40219.1
Project("{FAE04EC0-301F-11D3-BF4B-00C04F79EFBC}") = "StaticInstance", "StaticInstance\StaticInstance.csproj", "{856803A0-FBB1-4EAB-9F65-343C9C832A82}"
EndProject
Global
	GlobalSection(SolutionConfigurationPlatforms) = preSolution
		Debug|Any CPU = Debug|Any CPU
		Release|Any CPU = Release|Any CPU
	EndGlobalSection
	GlobalSection(ProjectConfigurationPlatforms) = postSolution
		{856803A0-FBB1-4EAB-9F65-343C9C832A82}.Debug|Any CPU.ActiveCfg = Debug|Any CPU
		{856803A0-FBB1-4EAB-9F65-343C9C832A82}.Debug|Any CPU.Build.0 = Debug|Any CPU
		{856803A0-FBB1-4EAB-9F65-343C9C832A82}.Release|Any CPU.ActiveCfg = Release|Any CPU
		{856803A0-FBB1-4EAB-9F65-343C9C832A82}.Release|Any CPU.Build.0 = Release|Any CPU
	EndGlobalSection
	GlobalSection(SolutionProperties) = preSolution
		HideSolutionNode = FALSE
	EndGlobalSection
	GlobalSection(ExtensibilityGlobals) = postSolution
		SolutionGuid = {AC1E8AB8-AA13-4210-A32D-EB40C2D0984F}
	EndGlobalSection
EndGlobal
