
Microsoft Visual Studio Solution File, Format Version 12.00
# Visual Studio Version 17
VisualStudioVersion = 17.10.34804.81
MinimumVisualStudioVersion = 10.0.40219.1
Project("{FAE04EC0-301F-11D3-BF4B-00C04F79EFBC}") = "assessment-sumOfEvenNumber", "assessment-sumOfEvenNumber\assessment-sumOfEvenNumber.csproj", "{AC795641-1AE9-4A42-865D-AC0EB795B57E}"
EndProject
Global
	GlobalSection(SolutionConfigurationPlatforms) = preSolution
		Debug|Any CPU = Debug|Any CPU
		Release|Any CPU = Release|Any CPU
	EndGlobalSection
	GlobalSection(ProjectConfigurationPlatforms) = postSolution
		{AC795641-1AE9-4A42-865D-AC0EB795B57E}.Debug|Any CPU.ActiveCfg = Debug|Any CPU
		{AC795641-1AE9-4A42-865D-AC0EB795B57E}.Debug|Any CPU.Build.0 = Debug|Any CPU
		{AC795641-1AE9-4A42-865D-AC0EB795B57E}.Release|Any CPU.ActiveCfg = Release|Any CPU
		{AC795641-1AE9-4A42-865D-AC0EB795B57E}.Release|Any CPU.Build.0 = Release|Any CPU
	EndGlobalSection
	GlobalSection(SolutionProperties) = preSolution
		HideSolutionNode = FALSE
	EndGlobalSection
	GlobalSection(ExtensibilityGlobals) = postSolution
		SolutionGuid = {532C1B84-0A93-4D57-A4BC-1AC2A678CFF5}
	EndGlobalSection
EndGlobal
