
Microsoft Visual Studio Solution File, Format Version 12.00
# Visual Studio Version 17
VisualStudioVersion = 17.9.34723.18
MinimumVisualStudioVersion = 10.0.40219.1
Project("{9A19103F-16F7-4668-BE54-9A1E7A4F7556}") = "Activity", "ConsoleApp1\Activity.csproj", "{94759D68-A249-4986-9402-482A191EFAC5}"
EndProject
Global
	GlobalSection(SolutionConfigurationPlatforms) = preSolution
		Debug|Any CPU = Debug|Any CPU
		Release|Any CPU = Release|Any CPU
	EndGlobalSection
	GlobalSection(ProjectConfigurationPlatforms) = postSolution
		{94759D68-A249-4986-9402-482A191EFAC5}.Debug|Any CPU.ActiveCfg = Debug|Any CPU
		{94759D68-A249-4986-9402-482A191EFAC5}.Debug|Any CPU.Build.0 = Debug|Any CPU
		{94759D68-A249-4986-9402-482A191EFAC5}.Release|Any CPU.ActiveCfg = Release|Any CPU
		{94759D68-A249-4986-9402-482A191EFAC5}.Release|Any CPU.Build.0 = Release|Any CPU
	EndGlobalSection
	GlobalSection(SolutionProperties) = preSolution
		HideSolutionNode = FALSE
	EndGlobalSection
	GlobalSection(ExtensibilityGlobals) = postSolution
		SolutionGuid = {52EF8528-9118-4016-85D9-CD0FBB45898F}
	EndGlobalSection
EndGlobal
