
Microsoft Visual Studio Solution File, Format Version 12.00
# Visual Studio Version 17
VisualStudioVersion = 17.9.34723.18
MinimumVisualStudioVersion = 10.0.40219.1
Project("{FAE04EC0-301F-11D3-BF4B-00C04F79EFBC}") = "Workshop1", "Workshop1\Workshop1.csproj", "{09AF9197-9BD6-455F-892F-8734F39C1729}"
EndProject
Global
	GlobalSection(SolutionConfigurationPlatforms) = preSolution
		Debug|Any CPU = Debug|Any CPU
		Release|Any CPU = Release|Any CPU
	EndGlobalSection
	GlobalSection(ProjectConfigurationPlatforms) = postSolution
		{09AF9197-9BD6-455F-892F-8734F39C1729}.Debug|Any CPU.ActiveCfg = Debug|Any CPU
		{09AF9197-9BD6-455F-892F-8734F39C1729}.Debug|Any CPU.Build.0 = Debug|Any CPU
		{09AF9197-9BD6-455F-892F-8734F39C1729}.Release|Any CPU.ActiveCfg = Release|Any CPU
		{09AF9197-9BD6-455F-892F-8734F39C1729}.Release|Any CPU.Build.0 = Release|Any CPU
	EndGlobalSection
	GlobalSection(SolutionProperties) = preSolution
		HideSolutionNode = FALSE
	EndGlobalSection
	GlobalSection(ExtensibilityGlobals) = postSolution
		SolutionGuid = {7E8F34EC-429C-4D05-BE3E-8C5CA4DA801D}
	EndGlobalSection
EndGlobal
