
Microsoft Visual Studio Solution File, Format Version 12.00
# Visual Studio Version 17
VisualStudioVersion = 17.8.34309.116
MinimumVisualStudioVersion = 10.0.40219.1
Project("{FAE04EC0-301F-11D3-BF4B-00C04F79EFBC}") = "Asp.netCoreWebApp", "Asp.netCoreWebApp\Asp.netCoreWebApp.csproj", "{ABB3F30E-98A7-46F3-883B-FF28A6CB27A3}"
EndProject
Global
	GlobalSection(SolutionConfigurationPlatforms) = preSolution
		Debug|Any CPU = Debug|Any CPU
		Release|Any CPU = Release|Any CPU
	EndGlobalSection
	GlobalSection(ProjectConfigurationPlatforms) = postSolution
		{ABB3F30E-98A7-46F3-883B-FF28A6CB27A3}.Debug|Any CPU.ActiveCfg = Debug|Any CPU
		{ABB3F30E-98A7-46F3-883B-FF28A6CB27A3}.Debug|Any CPU.Build.0 = Debug|Any CPU
		{ABB3F30E-98A7-46F3-883B-FF28A6CB27A3}.Release|Any CPU.ActiveCfg = Release|Any CPU
		{ABB3F30E-98A7-46F3-883B-FF28A6CB27A3}.Release|Any CPU.Build.0 = Release|Any CPU
	EndGlobalSection
	GlobalSection(SolutionProperties) = preSolution
		HideSolutionNode = FALSE
	EndGlobalSection
	GlobalSection(ExtensibilityGlobals) = postSolution
		SolutionGuid = {F9AE656D-69EE-4ED9-BE65-520A57640161}
	EndGlobalSection
EndGlobal
