
Microsoft Visual Studio Solution File, Format Version 12.00
# Visual Studio Version 17
VisualStudioVersion = 17.9.34723.18
MinimumVisualStudioVersion = 10.0.40219.1
Project("{FAE04EC0-301F-11D3-BF4B-00C04F79EFBC}") = "MultiplicationTable", "MultiplicationTable.csproj", "{EDF5C5FB-9D65-430C-9AF4-E9348EBD38E8}"
EndProject
Global
	GlobalSection(SolutionConfigurationPlatforms) = preSolution
		Debug|Any CPU = Debug|Any CPU
		Release|Any CPU = Release|Any CPU
	EndGlobalSection
	GlobalSection(ProjectConfigurationPlatforms) = postSolution
		{EDF5C5FB-9D65-430C-9AF4-E9348EBD38E8}.Debug|Any CPU.ActiveCfg = Debug|Any CPU
		{EDF5C5FB-9D65-430C-9AF4-E9348EBD38E8}.Debug|Any CPU.Build.0 = Debug|Any CPU
		{EDF5C5FB-9D65-430C-9AF4-E9348EBD38E8}.Release|Any CPU.ActiveCfg = Release|Any CPU
		{EDF5C5FB-9D65-430C-9AF4-E9348EBD38E8}.Release|Any CPU.Build.0 = Release|Any CPU
	EndGlobalSection
	GlobalSection(SolutionProperties) = preSolution
		HideSolutionNode = FALSE
	EndGlobalSection
	GlobalSection(ExtensibilityGlobals) = postSolution
		SolutionGuid = {75B08F48-41CC-4267-9746-E7B1EE85C3FE}
	EndGlobalSection
EndGlobal
