
Microsoft Visual Studio Solution File, Format Version 12.00
# Visual Studio Version 16
VisualStudioVersion = 25.0.1706.12
MinimumVisualStudioVersion = 10.0.40219.1
Project("{FAE04EC0-301F-11D3-BF4B-00C04F79EFBC}") = "BlazorworkShop", "BlazorworkShop\BlazorworkShop.csproj", "{6FC89010-C023-465F-83E0-42DD02BF6C88}"
EndProject
Global
	GlobalSection(SolutionConfigurationPlatforms) = preSolution
		Debug|Any CPU = Debug|Any CPU
		Release|Any CPU = Release|Any CPU
	EndGlobalSection
	GlobalSection(ProjectConfigurationPlatforms) = postSolution
		{6FC89010-C023-465F-83E0-42DD02BF6C88}.Debug|Any CPU.ActiveCfg = Debug|Any CPU
		{6FC89010-C023-465F-83E0-42DD02BF6C88}.Debug|Any CPU.Build.0 = Debug|Any CPU
		{6FC89010-C023-465F-83E0-42DD02BF6C88}.Release|Any CPU.ActiveCfg = Release|Any CPU
		{6FC89010-C023-465F-83E0-42DD02BF6C88}.Release|Any CPU.Build.0 = Release|Any CPU
	EndGlobalSection
	GlobalSection(SolutionProperties) = preSolution
		HideSolutionNode = FALSE
	EndGlobalSection
	GlobalSection(ExtensibilityGlobals) = postSolution
		SolutionGuid = {F0856EAF-2B19-40B7-B94B-E86334CE2F84}
	EndGlobalSection
EndGlobal
