
Microsoft Visual Studio Solution File, Format Version 12.00
# Visual Studio Version 17
VisualStudioVersion = 17.9.34723.18
MinimumVisualStudioVersion = 10.0.40219.1
Project("{9A19103F-16F7-4668-BE54-9A1E7A4F7556}") = "Exercise 2", "Exercise 1\Exercise 2.csproj", "{8156DE2E-268E-4BA7-8106-982B46149BAE}"
EndProject
Global
	GlobalSection(SolutionConfigurationPlatforms) = preSolution
		Debug|Any CPU = Debug|Any CPU
		Release|Any CPU = Release|Any CPU
	EndGlobalSection
	GlobalSection(ProjectConfigurationPlatforms) = postSolution
		{8156DE2E-268E-4BA7-8106-982B46149BAE}.Debug|Any CPU.ActiveCfg = Debug|Any CPU
		{8156DE2E-268E-4BA7-8106-982B46149BAE}.Debug|Any CPU.Build.0 = Debug|Any CPU
		{8156DE2E-268E-4BA7-8106-982B46149BAE}.Release|Any CPU.ActiveCfg = Release|Any CPU
		{8156DE2E-268E-4BA7-8106-982B46149BAE}.Release|Any CPU.Build.0 = Release|Any CPU
	EndGlobalSection
	GlobalSection(SolutionProperties) = preSolution
		HideSolutionNode = FALSE
	EndGlobalSection
	GlobalSection(ExtensibilityGlobals) = postSolution
		SolutionGuid = {3D040BE2-35FF-4867-B47E-BDAB4B258833}
	EndGlobalSection
EndGlobal
