
Microsoft Visual Studio Solution File, Format Version 12.00
# Visual Studio Version 17
VisualStudioVersion = 17.5.33530.505
MinimumVisualStudioVersion = 10.0.40219.1
Project("{FAE04EC0-301F-11D3-BF4B-00C04F79EFBC}") = "InterfaceExample", "InterfaceExample\InterfaceExample.csproj", "{0B7437B4-A122-4F3C-A548-14AAC5BD21D9}"
EndProject
Global
	GlobalSection(SolutionConfigurationPlatforms) = preSolution
		Debug|Any CPU = Debug|Any CPU
		Release|Any CPU = Release|Any CPU
	EndGlobalSection
	GlobalSection(ProjectConfigurationPlatforms) = postSolution
		{0B7437B4-A122-4F3C-A548-14AAC5BD21D9}.Debug|Any CPU.ActiveCfg = Debug|Any CPU
		{0B7437B4-A122-4F3C-A548-14AAC5BD21D9}.Debug|Any CPU.Build.0 = Debug|Any CPU
		{0B7437B4-A122-4F3C-A548-14AAC5BD21D9}.Release|Any CPU.ActiveCfg = Release|Any CPU
		{0B7437B4-A122-4F3C-A548-14AAC5BD21D9}.Release|Any CPU.Build.0 = Release|Any CPU
	EndGlobalSection
	GlobalSection(SolutionProperties) = preSolution
		HideSolutionNode = FALSE
	EndGlobalSection
	GlobalSection(ExtensibilityGlobals) = postSolution
		SolutionGuid = {4E14F13C-5C52-4DFE-8E2C-E9EF8D559AE8}
	EndGlobalSection
EndGlobal
