
Microsoft Visual Studio Solution File, Format Version 12.00
# Visual Studio Version 17
VisualStudioVersion = 17.9.34723.18
MinimumVisualStudioVersion = 10.0.40219.1
Project("{FAE04EC0-301F-11D3-BF4B-00C04F79EFBC}") = "Shoppingcart", "Shoppingcart\Shoppingcart.csproj", "{833A92CF-D45A-4CB4-BA44-3F9A7674DFDE}"
EndProject
Global
	GlobalSection(SolutionConfigurationPlatforms) = preSolution
		Debug|Any CPU = Debug|Any CPU
		Release|Any CPU = Release|Any CPU
	EndGlobalSection
	GlobalSection(ProjectConfigurationPlatforms) = postSolution
		{833A92CF-D45A-4CB4-BA44-3F9A7674DFDE}.Debug|Any CPU.ActiveCfg = Debug|Any CPU
		{833A92CF-D45A-4CB4-BA44-3F9A7674DFDE}.Debug|Any CPU.Build.0 = Debug|Any CPU
		{833A92CF-D45A-4CB4-BA44-3F9A7674DFDE}.Release|Any CPU.ActiveCfg = Release|Any CPU
		{833A92CF-D45A-4CB4-BA44-3F9A7674DFDE}.Release|Any CPU.Build.0 = Release|Any CPU
	EndGlobalSection
	GlobalSection(SolutionProperties) = preSolution
		HideSolutionNode = FALSE
	EndGlobalSection
	GlobalSection(ExtensibilityGlobals) = postSolution
		SolutionGuid = {EA75BC06-7FBA-43E7-B18E-4CDA40018F7A}
	EndGlobalSection
EndGlobal
