
Microsoft Visual Studio Solution File, Format Version 12.00
# Visual Studio Version 17
VisualStudioVersion = 17.10.34804.81
MinimumVisualStudioVersion = 10.0.40219.1
Project("{FAE04EC0-301F-11D3-BF4B-00C04F79EFBC}") = "NonGeneric", "Queue\NonGeneric.csproj", "{4655A3A0-DC3A-471F-87DB-E86BFA84B179}"
EndProject
Global
	GlobalSection(SolutionConfigurationPlatforms) = preSolution
		Debug|Any CPU = Debug|Any CPU
		Release|Any CPU = Release|Any CPU
	EndGlobalSection
	GlobalSection(ProjectConfigurationPlatforms) = postSolution
		{4655A3A0-DC3A-471F-87DB-E86BFA84B179}.Debug|Any CPU.ActiveCfg = Debug|Any CPU
		{4655A3A0-DC3A-471F-87DB-E86BFA84B179}.Debug|Any CPU.Build.0 = Debug|Any CPU
		{4655A3A0-DC3A-471F-87DB-E86BFA84B179}.Release|Any CPU.ActiveCfg = Release|Any CPU
		{4655A3A0-DC3A-471F-87DB-E86BFA84B179}.Release|Any CPU.Build.0 = Release|Any CPU
	EndGlobalSection
	GlobalSection(SolutionProperties) = preSolution
		HideSolutionNode = FALSE
	EndGlobalSection
	GlobalSection(ExtensibilityGlobals) = postSolution
		SolutionGuid = {4664BD5C-EC4C-445B-A7E9-091768EF0F55}
	EndGlobalSection
EndGlobal
