
Microsoft Visual Studio Solution File, Format Version 12.00
# Visual Studio Version 17
VisualStudioVersion = 17.9.34723.18
MinimumVisualStudioVersion = 10.0.40219.1
Project("{FAE04EC0-301F-11D3-BF4B-00C04F79EFBC}") = "Activity", "Activity.csproj", "{F2B78622-DC06-4C74-B8B1-4B433FB37417}"
EndProject
Global
	GlobalSection(SolutionConfigurationPlatforms) = preSolution
		Debug|Any CPU = Debug|Any CPU
		Release|Any CPU = Release|Any CPU
	EndGlobalSection
	GlobalSection(ProjectConfigurationPlatforms) = postSolution
		{F2B78622-DC06-4C74-B8B1-4B433FB37417}.Debug|Any CPU.ActiveCfg = Debug|Any CPU
		{F2B78622-DC06-4C74-B8B1-4B433FB37417}.Debug|Any CPU.Build.0 = Debug|Any CPU
		{F2B78622-DC06-4C74-B8B1-4B433FB37417}.Release|Any CPU.ActiveCfg = Release|Any CPU
		{F2B78622-DC06-4C74-B8B1-4B433FB37417}.Release|Any CPU.Build.0 = Release|Any CPU
	EndGlobalSection
	GlobalSection(SolutionProperties) = preSolution
		HideSolutionNode = FALSE
	EndGlobalSection
	GlobalSection(ExtensibilityGlobals) = postSolution
		SolutionGuid = {305E6D73-A971-40C9-99D4-6C3E59C99E70}
	EndGlobalSection
EndGlobal
