
Microsoft Visual Studio Solution File, Format Version 12.00
# Visual Studio Version 17
VisualStudioVersion = 17.8.34309.116
MinimumVisualStudioVersion = 10.0.40219.1
Project("{FAE04EC0-301F-11D3-BF4B-00C04F79EFBC}") = "WebApiSqlServerDockerDemo", "WebApiSqlServerDockerDemo\WebApiSqlServerDockerDemo.csproj", "{3A0C2D9F-E912-4AB0-AF63-E5A4A918D63E}"
EndProject
Global
	GlobalSection(SolutionConfigurationPlatforms) = preSolution
		Debug|Any CPU = Debug|Any CPU
		Release|Any CPU = Release|Any CPU
	EndGlobalSection
	GlobalSection(ProjectConfigurationPlatforms) = postSolution
		{3A0C2D9F-E912-4AB0-AF63-E5A4A918D63E}.Debug|Any CPU.ActiveCfg = Debug|Any CPU
		{3A0C2D9F-E912-4AB0-AF63-E5A4A918D63E}.Debug|Any CPU.Build.0 = Debug|Any CPU
		{3A0C2D9F-E912-4AB0-AF63-E5A4A918D63E}.Release|Any CPU.ActiveCfg = Release|Any CPU
		{3A0C2D9F-E912-4AB0-AF63-E5A4A918D63E}.Release|Any CPU.Build.0 = Release|Any CPU
	EndGlobalSection
	GlobalSection(SolutionProperties) = preSolution
		HideSolutionNode = FALSE
	EndGlobalSection
	GlobalSection(ExtensibilityGlobals) = postSolution
		SolutionGuid = {6E2C4F06-F892-427E-86CE-1FBF8D8B5E19}
	EndGlobalSection
EndGlobal
