
Microsoft Visual Studio Solution File, Format Version 12.00
# Visual Studio Version 17
VisualStudioVersion = 17.9.34723.18
MinimumVisualStudioVersion = 10.0.40219.1
Project("{FAE04EC0-301F-11D3-BF4B-00C04F79EFBC}") = "Additional-exercise", "Additional-exercise\Additional-exercise.csproj", "{BE03F80A-FAD2-4E15-96C2-91230E238235}"
EndProject
Global
	GlobalSection(SolutionConfigurationPlatforms) = preSolution
		Debug|Any CPU = Debug|Any CPU
		Release|Any CPU = Release|Any CPU
	EndGlobalSection
	GlobalSection(ProjectConfigurationPlatforms) = postSolution
		{BE03F80A-FAD2-4E15-96C2-91230E238235}.Debug|Any CPU.ActiveCfg = Debug|Any CPU
		{BE03F80A-FAD2-4E15-96C2-91230E238235}.Debug|Any CPU.Build.0 = Debug|Any CPU
		{BE03F80A-FAD2-4E15-96C2-91230E238235}.Release|Any CPU.ActiveCfg = Release|Any CPU
		{BE03F80A-FAD2-4E15-96C2-91230E238235}.Release|Any CPU.Build.0 = Release|Any CPU
	EndGlobalSection
	GlobalSection(SolutionProperties) = preSolution
		HideSolutionNode = FALSE
	EndGlobalSection
	GlobalSection(ExtensibilityGlobals) = postSolution
		SolutionGuid = {51A2320C-3680-430F-9F18-01F66D4A61CC}
	EndGlobalSection
EndGlobal
