
Microsoft Visual Studio Solution File, Format Version 12.00
# Visual Studio Version 17
VisualStudioVersion = 17.9.34723.18
MinimumVisualStudioVersion = 10.0.40219.1
Project("{FAE04EC0-301F-11D3-BF4B-00C04F79EFBC}") = "itration", "itration.csproj", "{B86FBB77-346D-4A28-8BBF-720EEAC4E37C}"
EndProject
Global
	GlobalSection(SolutionConfigurationPlatforms) = preSolution
		Debug|Any CPU = Debug|Any CPU
		Release|Any CPU = Release|Any CPU
	EndGlobalSection
	GlobalSection(ProjectConfigurationPlatforms) = postSolution
		{B86FBB77-346D-4A28-8BBF-720EEAC4E37C}.Debug|Any CPU.ActiveCfg = Debug|Any CPU
		{B86FBB77-346D-4A28-8BBF-720EEAC4E37C}.Debug|Any CPU.Build.0 = Debug|Any CPU
		{B86FBB77-346D-4A28-8BBF-720EEAC4E37C}.Release|Any CPU.ActiveCfg = Release|Any CPU
		{B86FBB77-346D-4A28-8BBF-720EEAC4E37C}.Release|Any CPU.Build.0 = Release|Any CPU
	EndGlobalSection
	GlobalSection(SolutionProperties) = preSolution
		HideSolutionNode = FALSE
	EndGlobalSection
	GlobalSection(ExtensibilityGlobals) = postSolution
		SolutionGuid = {263268F6-EAAA-4337-BC30-F7451C43E4CA}
	EndGlobalSection
EndGlobal
