
Microsoft Visual Studio Solution File, Format Version 12.00
# Visual Studio Version 17
VisualStudioVersion = 17.9.34723.18
MinimumVisualStudioVersion = 10.0.40219.1
Project("{FAE04EC0-301F-11D3-BF4B-00C04F79EFBC}") = "pattern printing", "pattern printing\pattern printing.csproj", "{8F89E5F4-F461-4CC3-BF44-90195F3C1613}"
EndProject
Global
	GlobalSection(SolutionConfigurationPlatforms) = preSolution
		Debug|Any CPU = Debug|Any CPU
		Release|Any CPU = Release|Any CPU
	EndGlobalSection
	GlobalSection(ProjectConfigurationPlatforms) = postSolution
		{8F89E5F4-F461-4CC3-BF44-90195F3C1613}.Debug|Any CPU.ActiveCfg = Debug|Any CPU
		{8F89E5F4-F461-4CC3-BF44-90195F3C1613}.Debug|Any CPU.Build.0 = Debug|Any CPU
		{8F89E5F4-F461-4CC3-BF44-90195F3C1613}.Release|Any CPU.ActiveCfg = Release|Any CPU
		{8F89E5F4-F461-4CC3-BF44-90195F3C1613}.Release|Any CPU.Build.0 = Release|Any CPU
	EndGlobalSection
	GlobalSection(SolutionProperties) = preSolution
		HideSolutionNode = FALSE
	EndGlobalSection
	GlobalSection(ExtensibilityGlobals) = postSolution
		SolutionGuid = {87C573D5-F5EA-4093-B05B-EAF77CA9A1F3}
	EndGlobalSection
EndGlobal
