
Microsoft Visual Studio Solution File, Format Version 12.00
# Visual Studio Version 17
VisualStudioVersion = 17.9.34723.18
MinimumVisualStudioVersion = 10.0.40219.1
Project("{FAE04EC0-301F-11D3-BF4B-00C04F79EFBC}") = "Activity", "Activity\Activity.csproj", "{9998816F-7473-406A-8F74-19F99BB9CEBA}"
EndProject
Global
	GlobalSection(SolutionConfigurationPlatforms) = preSolution
		Debug|Any CPU = Debug|Any CPU
		Release|Any CPU = Release|Any CPU
	EndGlobalSection
	GlobalSection(ProjectConfigurationPlatforms) = postSolution
		{9998816F-7473-406A-8F74-19F99BB9CEBA}.Debug|Any CPU.ActiveCfg = Debug|Any CPU
		{9998816F-7473-406A-8F74-19F99BB9CEBA}.Debug|Any CPU.Build.0 = Debug|Any CPU
		{9998816F-7473-406A-8F74-19F99BB9CEBA}.Release|Any CPU.ActiveCfg = Release|Any CPU
		{9998816F-7473-406A-8F74-19F99BB9CEBA}.Release|Any CPU.Build.0 = Release|Any CPU
	EndGlobalSection
	GlobalSection(SolutionProperties) = preSolution
		HideSolutionNode = FALSE
	EndGlobalSection
	GlobalSection(ExtensibilityGlobals) = postSolution
		SolutionGuid = {B629D6AF-2278-4E34-B517-362E2FD41FF2}
	EndGlobalSection
EndGlobal
