
Microsoft Visual Studio Solution File, Format Version 12.00
# Visual Studio Version 17
VisualStudioVersion = 17.9.34723.18
MinimumVisualStudioVersion = 10.0.40219.1
Project("{FAE04EC0-301F-11D3-BF4B-00C04F79EFBC}") = "OddvsEven", "OddvsEven.csproj", "{DE149AFE-691B-4ED0-9069-4C2C09F257C1}"
EndProject
Global
	GlobalSection(SolutionConfigurationPlatforms) = preSolution
		Debug|Any CPU = Debug|Any CPU
		Release|Any CPU = Release|Any CPU
	EndGlobalSection
	GlobalSection(ProjectConfigurationPlatforms) = postSolution
		{DE149AFE-691B-4ED0-9069-4C2C09F257C1}.Debug|Any CPU.ActiveCfg = Debug|Any CPU
		{DE149AFE-691B-4ED0-9069-4C2C09F257C1}.Debug|Any CPU.Build.0 = Debug|Any CPU
		{DE149AFE-691B-4ED0-9069-4C2C09F257C1}.Release|Any CPU.ActiveCfg = Release|Any CPU
		{DE149AFE-691B-4ED0-9069-4C2C09F257C1}.Release|Any CPU.Build.0 = Release|Any CPU
	EndGlobalSection
	GlobalSection(SolutionProperties) = preSolution
		HideSolutionNode = FALSE
	EndGlobalSection
	GlobalSection(ExtensibilityGlobals) = postSolution
		SolutionGuid = {F0A75E89-34D0-4DF4-AB98-6E75F2656CD7}
	EndGlobalSection
EndGlobal
