
Microsoft Visual Studio Solution File, Format Version 12.00
# Visual Studio Version 17
VisualStudioVersion = 17.8.34309.116
MinimumVisualStudioVersion = 10.0.40219.1
Project("{2150E333-8FDC-42A3-9474-1A3956D46DE8}") = "FrontEnd", "FrontEnd", "{7F6EDF59-A5E4-44C7-A59C-8F0C66457FA7}"
EndProject
Project("{2150E333-8FDC-42A3-9474-1A3956D46DE8}") = "Gateway", "Gateway", "{D15D8EB3-3030-4D7F-A0A5-9CB00941AAD9}"
EndProject
Project("{2150E333-8FDC-42A3-9474-1A3956D46DE8}") = "Integration", "Integration", "{6783B935-1C99-4EF9-8FD2-DCECDE4E4711}"
EndProject
Project("{2150E333-8FDC-42A3-9474-1A3956D46DE8}") = "Services", "Services", "{ECB454A0-55EE-4A62-8A99-6C94CE4C5145}"
EndProject
Project("{9A19103F-16F7-4668-BE54-9A1E7A4F7556}") = "Mango.Services.CouponAPI", "Mango.Services.CouponAPI\Mango.Services.CouponAPI.csproj", "{1B0BD536-6C15-4AC1-87E8-B20ACE322BC4}"
EndProject
Project("{9A19103F-16F7-4668-BE54-9A1E7A4F7556}") = "Mangos.web", "Mangos.web\Mangos.web.csproj", "{443BEDDA-0B54-4FA6-8913-57C7DEB9D31D}"
EndProject
Project("{FAE04EC0-301F-11D3-BF4B-00C04F79EFBC}") = "AuthAPI", "AuthAPI\AuthAPI.csproj", "{690FC1FA-4734-468C-BF3D-47D10ED9BCD2}"
EndProject
Global
	GlobalSection(SolutionConfigurationPlatforms) = preSolution
		Debug|Any CPU = Debug|Any CPU
		Release|Any CPU = Release|Any CPU
	EndGlobalSection
	GlobalSection(ProjectConfigurationPlatforms) = postSolution
		{1B0BD536-6C15-4AC1-87E8-B20ACE322BC4}.Debug|Any CPU.ActiveCfg = Debug|Any CPU
		{1B0BD536-6C15-4AC1-87E8-B20ACE322BC4}.Debug|Any CPU.Build.0 = Debug|Any CPU
		{1B0BD536-6C15-4AC1-87E8-B20ACE322BC4}.Release|Any CPU.ActiveCfg = Release|Any CPU
		{1B0BD536-6C15-4AC1-87E8-B20ACE322BC4}.Release|Any CPU.Build.0 = Release|Any CPU
		{443BEDDA-0B54-4FA6-8913-57C7DEB9D31D}.Debug|Any CPU.ActiveCfg = Debug|Any CPU
		{443BEDDA-0B54-4FA6-8913-57C7DEB9D31D}.Debug|Any CPU.Build.0 = Debug|Any CPU
		{443BEDDA-0B54-4FA6-8913-57C7DEB9D31D}.Release|Any CPU.ActiveCfg = Release|Any CPU
		{443BEDDA-0B54-4FA6-8913-57C7DEB9D31D}.Release|Any CPU.Build.0 = Release|Any CPU
		{690FC1FA-4734-468C-BF3D-47D10ED9BCD2}.Debug|Any CPU.ActiveCfg = Debug|Any CPU
		{690FC1FA-4734-468C-BF3D-47D10ED9BCD2}.Debug|Any CPU.Build.0 = Debug|Any CPU
		{690FC1FA-4734-468C-BF3D-47D10ED9BCD2}.Release|Any CPU.ActiveCfg = Release|Any CPU
		{690FC1FA-4734-468C-BF3D-47D10ED9BCD2}.Release|Any CPU.Build.0 = Release|Any CPU
	EndGlobalSection
	GlobalSection(SolutionProperties) = preSolution
		HideSolutionNode = FALSE
	EndGlobalSection
	GlobalSection(NestedProjects) = preSolution
		{1B0BD536-6C15-4AC1-87E8-B20ACE322BC4} = {ECB454A0-55EE-4A62-8A99-6C94CE4C5145}
		{443BEDDA-0B54-4FA6-8913-57C7DEB9D31D} = {7F6EDF59-A5E4-44C7-A59C-8F0C66457FA7}
		{690FC1FA-4734-468C-BF3D-47D10ED9BCD2} = {ECB454A0-55EE-4A62-8A99-6C94CE4C5145}
	EndGlobalSection
	GlobalSection(ExtensibilityGlobals) = postSolution
		SolutionGuid = {75897F84-6EB5-4370-98BB-5FE0CBA4289F}
	EndGlobalSection
EndGlobal
