
Microsoft Visual Studio Solution File, Format Version 12.00
# Visual Studio Version 17
VisualStudioVersion = 17.5.33530.505
MinimumVisualStudioVersion = 10.0.40219.1
Project("{FAE04EC0-301F-11D3-BF4B-00C04F79EFBC}") = "Polymorphism_Example", "Polymorphism_Example\Polymorphism_Example.csproj", "{B5AA4D39-B692-4F05-939D-413B3D934327}"
EndProject
Global
	GlobalSection(SolutionConfigurationPlatforms) = preSolution
		Debug|Any CPU = Debug|Any CPU
		Release|Any CPU = Release|Any CPU
	EndGlobalSection
	GlobalSection(ProjectConfigurationPlatforms) = postSolution
		{B5AA4D39-B692-4F05-939D-413B3D934327}.Debug|Any CPU.ActiveCfg = Debug|Any CPU
		{B5AA4D39-B692-4F05-939D-413B3D934327}.Debug|Any CPU.Build.0 = Debug|Any CPU
		{B5AA4D39-B692-4F05-939D-413B3D934327}.Release|Any CPU.ActiveCfg = Release|Any CPU
		{B5AA4D39-B692-4F05-939D-413B3D934327}.Release|Any CPU.Build.0 = Release|Any CPU
	EndGlobalSection
	GlobalSection(SolutionProperties) = preSolution
		HideSolutionNode = FALSE
	EndGlobalSection
	GlobalSection(ExtensibilityGlobals) = postSolution
		SolutionGuid = {2C594572-3B73-4886-A35D-83917379ABD3}
	EndGlobalSection
EndGlobal
