
Microsoft Visual Studio Solution File, Format Version 12.00
# Visual Studio Version 17
VisualStudioVersion = 17.8.34309.116
MinimumVisualStudioVersion = 10.0.40219.1
Project("{FAE04EC0-301F-11D3-BF4B-00C04F79EFBC}") = "MethodOverride", "MethodOverride\MethodOverride.csproj", "{D8226A6A-5F0A-4CC5-8007-4A8E42CA15BC}"
EndProject
Global
	GlobalSection(SolutionConfigurationPlatforms) = preSolution
		Debug|Any CPU = Debug|Any CPU
		Release|Any CPU = Release|Any CPU
	EndGlobalSection
	GlobalSection(ProjectConfigurationPlatforms) = postSolution
		{D8226A6A-5F0A-4CC5-8007-4A8E42CA15BC}.Debug|Any CPU.ActiveCfg = Debug|Any CPU
		{D8226A6A-5F0A-4CC5-8007-4A8E42CA15BC}.Debug|Any CPU.Build.0 = Debug|Any CPU
		{D8226A6A-5F0A-4CC5-8007-4A8E42CA15BC}.Release|Any CPU.ActiveCfg = Release|Any CPU
		{D8226A6A-5F0A-4CC5-8007-4A8E42CA15BC}.Release|Any CPU.Build.0 = Release|Any CPU
	EndGlobalSection
	GlobalSection(SolutionProperties) = preSolution
		HideSolutionNode = FALSE
	EndGlobalSection
	GlobalSection(ExtensibilityGlobals) = postSolution
		SolutionGuid = {76255E69-5E1B-498D-B7C9-EB220CE7B179}
	EndGlobalSection
EndGlobal
