
Microsoft Visual Studio Solution File, Format Version 12.00
# Visual Studio Version 17
VisualStudioVersion = 17.9.34723.18
MinimumVisualStudioVersion = 10.0.40219.1
Project("{FAE04EC0-301F-11D3-BF4B-00C04F79EFBC}") = "Chapter10Exercise1", "Chapter10Exercise1\Chapter10Exercise1.csproj", "{13FAB54E-7169-44C8-856F-E88648DD0877}"
EndProject
Global
	GlobalSection(SolutionConfigurationPlatforms) = preSolution
		Debug|Any CPU = Debug|Any CPU
		Release|Any CPU = Release|Any CPU
	EndGlobalSection
	GlobalSection(ProjectConfigurationPlatforms) = postSolution
		{13FAB54E-7169-44C8-856F-E88648DD0877}.Debug|Any CPU.ActiveCfg = Debug|Any CPU
		{13FAB54E-7169-44C8-856F-E88648DD0877}.Debug|Any CPU.Build.0 = Debug|Any CPU
		{13FAB54E-7169-44C8-856F-E88648DD0877}.Release|Any CPU.ActiveCfg = Release|Any CPU
		{13FAB54E-7169-44C8-856F-E88648DD0877}.Release|Any CPU.Build.0 = Release|Any CPU
	EndGlobalSection
	GlobalSection(SolutionProperties) = preSolution
		HideSolutionNode = FALSE
	EndGlobalSection
	GlobalSection(ExtensibilityGlobals) = postSolution
		SolutionGuid = {0641A505-21DB-474C-B526-6A1F0EB6D828}
	EndGlobalSection
EndGlobal
